# This file is generated by running "yarn install" inside your project.
# Manual changes might be lost - proceed with caution!

__metadata:
  version: 6
  cacheKey: 8

"@types/glob@npm:*":
  version: 7.2.0
  resolution: "@types/glob@npm:7.2.0"
  dependencies:
    "@types/minimatch": "*"
    "@types/node": "*"
  checksum: 6ae717fedfdfdad25f3d5a568323926c64f52ef35897bcac8aca8e19bc50c0bd84630bbd063e5d52078b2137d8e7d3c26eabebd1a2f03ff350fff8a91e79fc19
  languageName: node
  linkType: hard

"@types/isomorphic-fetch@npm:^0.0.36":
  version: 0.0.36
  resolution: "@types/isomorphic-fetch@npm:0.0.36"
  checksum: 1ffaa1c97a019b1f7a682e2ae31bd4cc3f324198b422c62cece51b42d2750e0dde0c4df2320a52874d6c6019ee4b00ca2e736010d34b206a82e63ef82ef85bbe
  languageName: node
  linkType: hard

"@types/keypress@npm:^2.0.30":
  version: 2.0.30
  resolution: "@types/keypress@npm:2.0.30"
  checksum: decaeb53aca89a00b068c18241bbc19427df96908ad703165732ba9c3950086705b78b3f988031edb8a144d7463e8275cbb5ad340b21880217277cbc24deac0a
  languageName: node
  linkType: hard

"@types/minimatch@npm:*":
  version: 3.0.5
  resolution: "@types/minimatch@npm:3.0.5"
  checksum: c41d136f67231c3131cf1d4ca0b06687f4a322918a3a5adddc87ce90ed9dbd175a3610adee36b106ae68c0b92c637c35e02b58c8a56c424f71d30993ea220b92
  languageName: node
  linkType: hard

"@types/node@npm:*":
  version: 17.0.31
  resolution: "@types/node@npm:17.0.31"
  checksum: 704618350f8420d5c47db0f7778398e821b7724369946f5c441a7e6b9343295553936400eb8309f0b07d5e39c240988ab3456b983712ca86265dabc9aee4ad3d
  languageName: node
  linkType: hard

"@types/node@npm:^15.6.1":
  version: 15.14.9
  resolution: "@types/node@npm:15.14.9"
  checksum: 49f7f0522a3af4b8389aee660e88426490cd54b86356672a1fedb49919a8797c00d090ec2dcc4a5df34edc2099d57fc2203d796c4e7fbd382f2022ccd789eee7
  languageName: node
  linkType: hard

"@types/shelljs@npm:^0.8.9":
  version: 0.8.11
  resolution: "@types/shelljs@npm:0.8.11"
  dependencies:
    "@types/glob": "*"
    "@types/node": "*"
  checksum: 559b81efba72f2b231485b26510aad68cccfe98dc74087d67dafd5511462997884db0ef18e0e56bf61a3a5789aa65a54dc04845a488bb0528d4a699e6151b99c
  languageName: node
  linkType: hard

"@types/source-map-support@npm:^0.5.4":
  version: 0.5.4
  resolution: "@types/source-map-support@npm:0.5.4"
  dependencies:
    source-map: ^0.6.0
  checksum: 160ff77e8a101b18d9915cb5320fd73d484679aef8518ce007b9b5988e333631778730196c4bb15517ff881bee805663fd8640c0ce2ebfab65f061103c452369
  languageName: node
  linkType: hard

"@types/yargs-parser@npm:*":
  version: 21.0.0
  resolution: "@types/yargs-parser@npm:21.0.0"
  checksum: b2f4c8d12ac18a567440379909127cf2cec393daffb73f246d0a25df36ea983b93b7e9e824251f959e9f928cbc7c1aab6728d0a0ff15d6145f66cec2be67d9a2
  languageName: node
  linkType: hard

"@types/yargs@npm:^17.0.10":
  version: 17.0.10
  resolution: "@types/yargs@npm:17.0.10"
  dependencies:
    "@types/yargs-parser": "*"
  checksum: f0673cbfc08e17239dc58952a88350d6c4db04a027a28a06fbad27d87b670e909f9cd9e66f9c64cebdd5071d1096261e33454a55868395f125297e5c50992ca8
  languageName: node
  linkType: hard

"ansi-regex@npm:^5.0.1":
  version: 5.0.1
  resolution: "ansi-regex@npm:5.0.1"
  checksum: 2aa4bb54caf2d622f1afdad09441695af2a83aa3fe8b8afa581d205e57ed4261c183c4d3877cee25794443fde5876417d859c108078ab788d6af7e4fe52eb66b
  languageName: node
  linkType: hard

"ansi-styles@npm:^4.0.0":
  version: 4.3.0
  resolution: "ansi-styles@npm:4.3.0"
  dependencies:
    color-convert: ^2.0.1
  checksum: 513b44c3b2105dd14cc42a19271e80f386466c4be574bccf60b627432f9198571ebf4ab1e4c3ba17347658f4ee1711c163d574248c0c1cdc2d5917a0ad582ec4
  languageName: node
  linkType: hard

"arg@npm:^4.1.0":
  version: 4.1.3
  resolution: "arg@npm:4.1.3"
  checksum: 544af8dd3f60546d3e4aff084d451b96961d2267d668670199692f8d054f0415d86fc5497d0e641e91546f0aa920e7c29e5250e99fc89f5552a34b5d93b77f43
  languageName: node
  linkType: hard

"balanced-match@npm:^1.0.0":
  version: 1.0.2
  resolution: "balanced-match@npm:1.0.2"
  checksum: 9706c088a283058a8a99e0bf91b0a2f75497f185980d9ffa8b304de1d9e58ebda7c72c07ebf01dadedaac5b2907b2c6f566f660d62bd336c3468e960403b9d65
  languageName: node
  linkType: hard

"base64-arraybuffer-es6@npm:^0.7.0":
  version: 0.7.0
  resolution: "base64-arraybuffer-es6@npm:0.7.0"
  checksum: 6d2fd114df49201b476cea5d470504e5d4e8c4cd42544152b312c9bdcb824313086fe83f1ffc34262e9e276b82d46aefc6e63bb85553f016932061137b355cdf
  languageName: node
  linkType: hard

"brace-expansion@npm:^1.1.7":
  version: 1.1.11
  resolution: "brace-expansion@npm:1.1.11"
  dependencies:
    balanced-match: ^1.0.0
    concat-map: 0.0.1
  checksum: faf34a7bb0c3fcf4b59c7808bc5d2a96a40988addf2e7e09dfbb67a2251800e0d14cd2bfc1aa79174f2f5095c54ff27f46fb1289fe2d77dac755b5eb3434cc07
  languageName: node
  linkType: hard

"buffer-from@npm:^1.0.0":
  version: 1.1.2
  resolution: "buffer-from@npm:1.1.2"
  checksum: 0448524a562b37d4d7ed9efd91685a5b77a50672c556ea254ac9a6d30e3403a517d8981f10e565db24e8339413b43c97ca2951f10e399c6125a0d8911f5679bb
  languageName: node
  linkType: hard

"cliui@npm:^7.0.2":
  version: 7.0.4
  resolution: "cliui@npm:7.0.4"
  dependencies:
    string-width: ^4.2.0
    strip-ansi: ^6.0.0
    wrap-ansi: ^7.0.0
  checksum: ce2e8f578a4813806788ac399b9e866297740eecd4ad1823c27fd344d78b22c5f8597d548adbcc46f0573e43e21e751f39446c5a5e804a12aace402b7a315d7f
  languageName: node
  linkType: hard

"color-convert@npm:^2.0.1":
  version: 2.0.1
  resolution: "color-convert@npm:2.0.1"
  dependencies:
    color-name: ~1.1.4
  checksum: 79e6bdb9fd479a205c71d89574fccfb22bd9053bd98c6c4d870d65c132e5e904e6034978e55b43d69fcaa7433af2016ee203ce76eeba9cfa554b373e7f7db336
  languageName: node
  linkType: hard

"color-name@npm:~1.1.4":
  version: 1.1.4
  resolution: "color-name@npm:1.1.4"
  checksum: b0445859521eb4021cd0fb0cc1a75cecf67fceecae89b63f62b201cca8d345baf8b952c966862a9d9a2632987d4f6581f0ec8d957dfacece86f0a7919316f610
  languageName: node
  linkType: hard

"concat-map@npm:0.0.1":
  version: 0.0.1
  resolution: "concat-map@npm:0.0.1"
  checksum: 902a9f5d8967a3e2faf138d5cb784b9979bad2e6db5357c5b21c568df4ebe62bcb15108af1b2253744844eb964fc023fbd9afbbbb6ddd0bcc204c6fb5b7bf3af
  languageName: node
  linkType: hard

"core-js@npm:^3.4":
  version: 3.22.4
  resolution: "core-js@npm:3.22.4"
  checksum: 1d031597a61d11266343c7f9a788ad620bb8e1a15207c8ff41ee77183789f1d6592d7cbaf4931d74773be08739871c6ae1a59090a7e03f0bc5131d4443cc04d2
  languageName: node
  linkType: hard

"create-require@npm:^1.1.0":
  version: 1.1.1
  resolution: "create-require@npm:1.1.1"
  checksum: a9a1503d4390d8b59ad86f4607de7870b39cad43d929813599a23714831e81c520bddf61bcdd1f8e30f05fd3a2b71ae8538e946eb2786dc65c2bbc520f692eff
  languageName: node
  linkType: hard

"dexie@npm:^3.0.3":
  version: 3.2.2
  resolution: "dexie@npm:3.2.2"
  checksum: 7a21079f7ab139ebd724a009917f9293f2b01c341e2a3cd51d2455dda4d4e78b9ca7de0373e963108395cf1921ce7f6556cac967c1e957005a3c7c11794ceccf
  languageName: node
  linkType: hard

"diff@npm:^4.0.1":
  version: 4.0.2
  resolution: "diff@npm:4.0.2"
  checksum: f2c09b0ce4e6b301c221addd83bf3f454c0bc00caa3dd837cf6c127d6edf7223aa2bbe3b688feea110b7f262adbfc845b757c44c8a9f8c0c5b15d8fa9ce9d20d
  languageName: node
  linkType: hard

"domexception@npm:^1.0.1":
  version: 1.0.1
  resolution: "domexception@npm:1.0.1"
  dependencies:
    webidl-conversions: ^4.0.2
  checksum: f564a9c0915dcb83ceefea49df14aaed106b1468fbe505119e8bcb0b77e242534f3aba861978537c0fc9dc6f35b176d0ffc77b3e342820fb27a8f215e7ae4d52
  languageName: node
  linkType: hard

"dotenv@npm:^10.0.0":
  version: 10.0.0
  resolution: "dotenv@npm:10.0.0"
  checksum: f412c5fe8c24fbe313d302d2500e247ba8a1946492db405a4de4d30dd0eb186a88a43f13c958c5a7de303938949c4231c56994f97d05c4bc1f22478d631b4005
  languageName: node
  linkType: hard

"emoji-regex@npm:^8.0.0":
  version: 8.0.0
  resolution: "emoji-regex@npm:8.0.0"
  checksum: d4c5c39d5a9868b5fa152f00cada8a936868fd3367f33f71be515ecee4c803132d11b31a6222b2571b1e5f7e13890156a94880345594d0ce7e3c9895f560f192
  languageName: node
  linkType: hard

"escalade@npm:^3.1.1":
  version: 3.1.1
  resolution: "escalade@npm:3.1.1"
  checksum: a3e2a99f07acb74b3ad4989c48ca0c3140f69f923e56d0cba0526240ee470b91010f9d39001f2a4a313841d237ede70a729e92125191ba5d21e74b106800b133
  languageName: node
  linkType: hard

"fake-indexeddb@npm:^3.1.7":
  version: 3.1.7
  resolution: "fake-indexeddb@npm:3.1.7"
  dependencies:
    realistic-structured-clone: ^2.0.1
  checksum: bd1663c9e27858de3ce6217721eeb0e802a3910bf521a509caaff509ca8c490efda6842d19de86488c43cf5cf5f55a7fdadcefc5e7d591a0976e606ead5000fd
  languageName: node
  linkType: hard

"fs.realpath@npm:^1.0.0":
  version: 1.0.0
  resolution: "fs.realpath@npm:1.0.0"
  checksum: 99ddea01a7e75aa276c250a04eedeffe5662bce66c65c07164ad6264f9de18fb21be9433ead460e54cff20e31721c811f4fb5d70591799df5f85dce6d6746fd0
  languageName: node
  linkType: hard

"function-bind@npm:^1.1.1":
  version: 1.1.1
  resolution: "function-bind@npm:1.1.1"
  checksum: b32fbaebb3f8ec4969f033073b43f5c8befbb58f1a79e12f1d7490358150359ebd92f49e72ff0144f65f2c48ea2a605bff2d07965f548f6474fd8efd95bf361a
  languageName: node
  linkType: hard

"get-caller-file@npm:^2.0.5":
  version: 2.0.5
  resolution: "get-caller-file@npm:2.0.5"
  checksum: b9769a836d2a98c3ee734a88ba712e62703f1df31b94b784762c433c27a386dd6029ff55c2a920c392e33657d80191edbf18c61487e198844844516f843496b9
  languageName: node
  linkType: hard

"glob@npm:^7.0.0":
  version: 7.2.0
  resolution: "glob@npm:7.2.0"
  dependencies:
    fs.realpath: ^1.0.0
    inflight: ^1.0.4
    inherits: 2
    minimatch: ^3.0.4
    once: ^1.3.0
    path-is-absolute: ^1.0.0
  checksum: 78a8ea942331f08ed2e055cb5b9e40fe6f46f579d7fd3d694f3412fe5db23223d29b7fee1575440202e9a7ff9a72ab106a39fee39934c7bedafe5e5f8ae20134
  languageName: node
  linkType: hard

"has@npm:^1.0.3":
  version: 1.0.3
  resolution: "has@npm:1.0.3"
  dependencies:
    function-bind: ^1.1.1
  checksum: b9ad53d53be4af90ce5d1c38331e712522417d017d5ef1ebd0507e07c2fbad8686fffb8e12ddecd4c39ca9b9b47431afbb975b8abf7f3c3b82c98e9aad052792
  languageName: node
  linkType: hard

"inflight@npm:^1.0.4":
  version: 1.0.6
  resolution: "inflight@npm:1.0.6"
  dependencies:
    once: ^1.3.0
    wrappy: 1
  checksum: f4f76aa072ce19fae87ce1ef7d221e709afb59d445e05d47fba710e85470923a75de35bfae47da6de1b18afc3ce83d70facf44cfb0aff89f0a3f45c0a0244dfd
  languageName: node
  linkType: hard

"inherits@npm:2":
  version: 2.0.4
  resolution: "inherits@npm:2.0.4"
  checksum: 4a48a733847879d6cf6691860a6b1e3f0f4754176e4d71494c41f3475553768b10f84b5ce1d40fbd0e34e6bfbb864ee35858ad4dd2cf31e02fc4a154b724d7f1
  languageName: node
  linkType: hard

"interpret@npm:^1.0.0":
  version: 1.4.0
  resolution: "interpret@npm:1.4.0"
  checksum: 2e5f51268b5941e4a17e4ef0575bc91ed0ab5f8515e3cf77486f7c14d13f3010df9c0959f37063dcc96e78d12dc6b0bb1b9e111cdfe69771f4656d2993d36155
  languageName: node
  linkType: hard

"is-core-module@npm:^2.8.1":
  version: 2.9.0
  resolution: "is-core-module@npm:2.9.0"
  dependencies:
    has: ^1.0.3
  checksum: b27034318b4b462f1c8f1dfb1b32baecd651d891a4e2d1922135daeff4141dfced2b82b07aef83ef54275c4a3526aa38da859223664d0868ca24182badb784ce
  languageName: node
  linkType: hard

"is-fullwidth-code-point@npm:^3.0.0":
  version: 3.0.0
  resolution: "is-fullwidth-code-point@npm:3.0.0"
  checksum: 44a30c29457c7fb8f00297bce733f0a64cd22eca270f83e58c105e0d015e45c019491a4ab2faef91ab51d4738c670daff901c799f6a700e27f7314029e99e348
  languageName: node
  linkType: hard

"isomorphic-fetch@npm:^3.0.0":
  version: 3.0.0
  resolution: "isomorphic-fetch@npm:3.0.0"
  dependencies:
    node-fetch: ^2.6.1
    whatwg-fetch: ^3.4.1
  checksum: e5ab79a56ce5af6ddd21265f59312ad9a4bc5a72cebc98b54797b42cb30441d5c5f8d17c5cd84a99e18101c8af6f90c081ecb8d12fd79e332be1778d58486d75
  languageName: node
  linkType: hard

"keypress@npm:^0.2.1":
  version: 0.2.1
  resolution: "keypress@npm:0.2.1"
  checksum: 8f643113fc64d4ab873c98e6b6da54de511c0b32ecefcaa4315b7466dde6c94cba0b9231421655c71b1878c7bc7c932eb75c19d0d67b6af15677778f37cd3e9e
  languageName: node
  linkType: hard

"lodash@npm:^4.7.0":
  version: 4.17.21
  resolution: "lodash@npm:4.17.21"
  checksum: eb835a2e51d381e561e508ce932ea50a8e5a68f4ebdd771ea240d3048244a8d13658acbd502cd4829768c56f2e16bdd4340b9ea141297d472517b83868e677f7
  languageName: node
  linkType: hard

"make-error@npm:^1.1.1":
  version: 1.3.6
  resolution: "make-error@npm:1.3.6"
  checksum: b86e5e0e25f7f777b77fabd8e2cbf15737972869d852a22b7e73c17623928fccb826d8e46b9951501d3f20e51ad74ba8c59ed584f610526a48f8ccf88aaec402
  languageName: node
  linkType: hard

"minimatch@npm:^3.0.4":
  version: 3.1.2
  resolution: "minimatch@npm:3.1.2"
  dependencies:
    brace-expansion: ^1.1.7
  checksum: c154e566406683e7bcb746e000b84d74465b3a832c45d59912b9b55cd50dee66e5c4b1e5566dba26154040e51672f9aa450a9aef0c97cfc7336b78b7afb9540a
  languageName: node
  linkType: hard

"myapp@workspace:.":
  version: 0.0.0-use.local
  resolution: "myapp@workspace:."
  dependencies:
    "@types/yargs": ^17.0.10
    nyargs: "wokspace:*"
    shelljs: ^0.8.5
    typescript: ^4.6.4
    yargs: ^17.4.1
  languageName: unknown
  linkType: soft

"node-fetch@npm:^2.6.1":
  version: 2.6.7
  resolution: "node-fetch@npm:2.6.7"
  dependencies:
    whatwg-url: ^5.0.0
  peerDependencies:
    encoding: ^0.1.0
  peerDependenciesMeta:
    encoding:
      optional: true
  checksum: 8d816ffd1ee22cab8301c7756ef04f3437f18dace86a1dae22cf81db8ef29c0bf6655f3215cb0cdb22b420b6fe141e64b26905e7f33f9377a7fa59135ea3e10b
  languageName: node
  linkType: hard

"nyargs@wokspace:*, nyargs@workspace:../nyargs":
  version: 0.0.0-use.local
  resolution: "nyargs@workspace:../nyargs"
  dependencies:
    "@types/isomorphic-fetch": ^0.0.36
    "@types/keypress": ^2.0.30
    "@types/node": ^15.6.1
    "@types/shelljs": ^0.8.9
    "@types/source-map-support": ^0.5.4
    dexie: ^3.0.3
    dotenv: ^10.0.0
    fake-indexeddb: ^3.1.7
    isomorphic-fetch: ^3.0.0
    keypress: ^0.2.1
    source-map-support: ^0.5.21
    string-argv: ^0.3.1
    ts-node: ^9.0.0
    typescript: ^4.0.2
    xterm: ^4.18.0
  languageName: unknown
  linkType: soft

"once@npm:^1.3.0":
  version: 1.4.0
  resolution: "once@npm:1.4.0"
  dependencies:
    wrappy: 1
  checksum: cd0a88501333edd640d95f0d2700fbde6bff20b3d4d9bdc521bdd31af0656b5706570d6c6afe532045a20bb8dc0849f8332d6f2a416e0ba6d3d3b98806c7db68
  languageName: node
  linkType: hard

"path-is-absolute@npm:^1.0.0":
  version: 1.0.1
  resolution: "path-is-absolute@npm:1.0.1"
  checksum: 060840f92cf8effa293bcc1bea81281bd7d363731d214cbe5c227df207c34cd727430f70c6037b5159c8a870b9157cba65e775446b0ab06fd5ecc7e54615a3b8
  languageName: node
  linkType: hard

"path-parse@npm:^1.0.7":
  version: 1.0.7
  resolution: "path-parse@npm:1.0.7"
  checksum: 49abf3d81115642938a8700ec580da6e830dde670be21893c62f4e10bd7dd4c3742ddc603fe24f898cba7eb0c6bc1777f8d9ac14185d34540c6d4d80cd9cae8a
  languageName: node
  linkType: hard

"punycode@npm:^2.1.1":
  version: 2.1.1
  resolution: "punycode@npm:2.1.1"
  checksum: 823bf443c6dd14f669984dea25757b37993f67e8d94698996064035edd43bed8a5a17a9f12e439c2b35df1078c6bec05a6c86e336209eb1061e8025c481168e8
  languageName: node
  linkType: hard

"realistic-structured-clone@npm:^2.0.1":
  version: 2.0.4
  resolution: "realistic-structured-clone@npm:2.0.4"
  dependencies:
    core-js: ^3.4
    domexception: ^1.0.1
    typeson: ^6.1.0
    typeson-registry: ^1.0.0-alpha.20
  checksum: 0174efd3a3046bd084b8f459b2ce718750a1d90099a9e502fd6ec88483d92b4e784143cdbb7e7d1b7daef2d2d2ced6eaebf0f54f0f4a143eef9b03e1c4f13982
  languageName: node
  linkType: hard

"rechoir@npm:^0.6.2":
  version: 0.6.2
  resolution: "rechoir@npm:0.6.2"
  dependencies:
    resolve: ^1.1.6
  checksum: fe76bf9c21875ac16e235defedd7cbd34f333c02a92546142b7911a0f7c7059d2e16f441fe6fb9ae203f459c05a31b2bcf26202896d89e390eda7514d5d2702b
  languageName: node
  linkType: hard

"require-directory@npm:^2.1.1":
  version: 2.1.1
  resolution: "require-directory@npm:2.1.1"
  checksum: fb47e70bf0001fdeabdc0429d431863e9475e7e43ea5f94ad86503d918423c1543361cc5166d713eaa7029dd7a3d34775af04764bebff99ef413111a5af18c80
  languageName: node
  linkType: hard

"resolve@npm:^1.1.6":
  version: 1.22.0
  resolution: "resolve@npm:1.22.0"
  dependencies:
    is-core-module: ^2.8.1
    path-parse: ^1.0.7
    supports-preserve-symlinks-flag: ^1.0.0
  bin:
    resolve: bin/resolve
  checksum: a2d14cc437b3a23996f8c7367eee5c7cf8149c586b07ca2ae00e96581ce59455555a1190be9aa92154785cf9f2042646c200d0e00e0bbd2b8a995a93a0ed3e4e
  languageName: node
  linkType: hard

"resolve@patch:resolve@^1.1.6#~builtin<compat/resolve>":
  version: 1.22.0
  resolution: "resolve@patch:resolve@npm%3A1.22.0#~builtin<compat/resolve>::version=1.22.0&hash=07638b"
  dependencies:
    is-core-module: ^2.8.1
    path-parse: ^1.0.7
    supports-preserve-symlinks-flag: ^1.0.0
  bin:
    resolve: bin/resolve
  checksum: c79ecaea36c872ee4a79e3db0d3d4160b593f2ca16e031d8283735acd01715a203607e9ded3f91f68899c2937fa0d49390cddbe0fb2852629212f3cda283f4a7
  languageName: node
  linkType: hard

"shelljs@npm:^0.8.5":
  version: 0.8.5
  resolution: "shelljs@npm:0.8.5"
  dependencies:
    glob: ^7.0.0
    interpret: ^1.0.0
    rechoir: ^0.6.2
  bin:
    shjs: bin/shjs
  checksum: 7babc46f732a98f4c054ec1f048b55b9149b98aa2da32f6cf9844c434b43c6251efebd6eec120937bd0999e13811ebd45efe17410edb3ca938f82f9381302748
  languageName: node
  linkType: hard

"source-map-support@npm:^0.5.17, source-map-support@npm:^0.5.21":
  version: 0.5.21
  resolution: "source-map-support@npm:0.5.21"
  dependencies:
    buffer-from: ^1.0.0
    source-map: ^0.6.0
  checksum: 43e98d700d79af1d36f859bdb7318e601dfc918c7ba2e98456118ebc4c4872b327773e5a1df09b0524e9e5063bb18f0934538eace60cca2710d1fa687645d137
  languageName: node
  linkType: hard

"source-map@npm:^0.6.0":
  version: 0.6.1
  resolution: "source-map@npm:0.6.1"
  checksum: 59ce8640cf3f3124f64ac289012c2b8bd377c238e316fb323ea22fbfe83da07d81e000071d7242cad7a23cd91c7de98e4df8830ec3f133cb6133a5f6e9f67bc2
  languageName: node
  linkType: hard

"string-argv@npm:^0.3.1":
  version: 0.3.1
  resolution: "string-argv@npm:0.3.1"
  checksum: efbd0289b599bee808ce80820dfe49c9635610715429c6b7cc50750f0437e3c2f697c81e5c390208c13b5d5d12d904a1546172a88579f6ee5cbaaaa4dc9ec5cf
  languageName: node
  linkType: hard

"string-width@npm:^4.1.0, string-width@npm:^4.2.0, string-width@npm:^4.2.3":
  version: 4.2.3
  resolution: "string-width@npm:4.2.3"
  dependencies:
    emoji-regex: ^8.0.0
    is-fullwidth-code-point: ^3.0.0
    strip-ansi: ^6.0.1
  checksum: e52c10dc3fbfcd6c3a15f159f54a90024241d0f149cf8aed2982a2d801d2e64df0bf1dc351cf8e95c3319323f9f220c16e740b06faecd53e2462df1d2b5443fb
  languageName: node
  linkType: hard

"strip-ansi@npm:^6.0.0, strip-ansi@npm:^6.0.1":
  version: 6.0.1
  resolution: "strip-ansi@npm:6.0.1"
  dependencies:
    ansi-regex: ^5.0.1
  checksum: f3cd25890aef3ba6e1a74e20896c21a46f482e93df4a06567cebf2b57edabb15133f1f94e57434e0a958d61186087b1008e89c94875d019910a213181a14fc8c
  languageName: node
  linkType: hard

"supports-preserve-symlinks-flag@npm:^1.0.0":
  version: 1.0.0
  resolution: "supports-preserve-symlinks-flag@npm:1.0.0"
  checksum: 53b1e247e68e05db7b3808b99b892bd36fb096e6fba213a06da7fab22045e97597db425c724f2bbd6c99a3c295e1e73f3e4de78592289f38431049e1277ca0ae
  languageName: node
  linkType: hard

"tr46@npm:^2.1.0":
  version: 2.1.0
  resolution: "tr46@npm:2.1.0"
  dependencies:
    punycode: ^2.1.1
  checksum: ffe6049b9dca3ae329b059aada7f515b0f0064c611b39b51ff6b53897e954650f6f63d9319c6c008d36ead477c7b55e5f64c9dc60588ddc91ff720d64eb710b3
  languageName: node
  linkType: hard

"tr46@npm:~0.0.3":
  version: 0.0.3
  resolution: "tr46@npm:0.0.3"
  checksum: 726321c5eaf41b5002e17ffbd1fb7245999a073e8979085dacd47c4b4e8068ff5777142fc6726d6ca1fd2ff16921b48788b87225cbc57c72636f6efa8efbffe3
  languageName: node
  linkType: hard

"ts-node@npm:^9.0.0":
  version: 9.1.1
  resolution: "ts-node@npm:9.1.1"
  dependencies:
    arg: ^4.1.0
    create-require: ^1.1.0
    diff: ^4.0.1
    make-error: ^1.1.1
    source-map-support: ^0.5.17
    yn: 3.1.1
  peerDependencies:
    typescript: ">=2.7"
  bin:
    ts-node: dist/bin.js
    ts-node-script: dist/bin-script.js
    ts-node-transpile-only: dist/bin-transpile.js
    ts-script: dist/bin-script-deprecated.js
  checksum: 356e2647b8b1e6ab00380c0537fa569b63bd9b6f006cc40fd650f81fae1817bd8fecc075300036950d8f45c1d85b95be33cd1e48a1a424a7d86c3dbb42bf60e5
  languageName: node
  linkType: hard

"typescript@npm:^4.0.2, typescript@npm:^4.6.4":
  version: 4.6.4
  resolution: "typescript@npm:4.6.4"
  bin:
    tsc: bin/tsc
    tsserver: bin/tsserver
  checksum: e7bfcc39cd4571a63a54e5ea21f16b8445268b9900bf55aee0e02ad981be576acc140eba24f1af5e3c1457767c96cea6d12861768fb386cf3ffb34013718631a
  languageName: node
  linkType: hard

"typescript@patch:typescript@^4.0.2#~builtin<compat/typescript>, typescript@patch:typescript@^4.6.4#~builtin<compat/typescript>":
  version: 4.6.4
  resolution: "typescript@patch:typescript@npm%3A4.6.4#~builtin<compat/typescript>::version=4.6.4&hash=bda367"
  bin:
    tsc: bin/tsc
    tsserver: bin/tsserver
  checksum: 1cb434fbc637d347be90e3a0c6cd05e33c38f941713c8786d3031faf1842c2c148ba91d2fac01e7276b0ae3249b8633f1660e32686cc7a8c6a8fd5361dc52c66
  languageName: node
  linkType: hard

"typeson-registry@npm:^1.0.0-alpha.20":
  version: 1.0.0-alpha.39
  resolution: "typeson-registry@npm:1.0.0-alpha.39"
  dependencies:
    base64-arraybuffer-es6: ^0.7.0
    typeson: ^6.0.0
    whatwg-url: ^8.4.0
  checksum: c6b629697acf4652aecfff7be760356d764600afc9beca253278bbfc44fae0fe635b7619201b83e497cdc30645cbce7614d12a04b5726d9b8b505f73e6a3fc2a
  languageName: node
  linkType: hard

"typeson@npm:^6.0.0, typeson@npm:^6.1.0":
  version: 6.1.0
  resolution: "typeson@npm:6.1.0"
  checksum: 00a77b03ac8f704acb103307bad9295fe47d6b304c386297f078ec3be63875c0b81e022a4815edb9dc2c7da0a72a431345411d35c755a8510af4a420e9e46cdc
  languageName: node
  linkType: hard

"webidl-conversions@npm:^3.0.0":
  version: 3.0.1
  resolution: "webidl-conversions@npm:3.0.1"
  checksum: c92a0a6ab95314bde9c32e1d0a6dfac83b578f8fa5f21e675bc2706ed6981bc26b7eb7e6a1fab158e5ce4adf9caa4a0aee49a52505d4d13c7be545f15021b17c
  languageName: node
  linkType: hard

"webidl-conversions@npm:^4.0.2":
  version: 4.0.2
  resolution: "webidl-conversions@npm:4.0.2"
  checksum: c93d8dfe908a0140a4ae9c0ebc87a33805b416a33ee638a605b551523eec94a9632165e54632f6d57a39c5f948c4bab10e0e066525e9a4b87a79f0d04fbca374
  languageName: node
  linkType: hard

"webidl-conversions@npm:^6.1.0":
  version: 6.1.0
  resolution: "webidl-conversions@npm:6.1.0"
  checksum: 1f526507aa491f972a0c1409d07f8444e1d28778dfa269a9971f2e157182f3d496dc33296e4ed45b157fdb3bf535bb90c90bf10c50dcf1dd6caacb2a34cc84fb
  languageName: node
  linkType: hard

"whatwg-fetch@npm:^3.4.1":
  version: 3.6.2
  resolution: "whatwg-fetch@npm:3.6.2"
  checksum: ee976b7249e7791edb0d0a62cd806b29006ad7ec3a3d89145921ad8c00a3a67e4be8f3fb3ec6bc7b58498724fd568d11aeeeea1f7827e7e1e5eae6c8a275afed
  languageName: node
  linkType: hard

"whatwg-url@npm:^5.0.0":
  version: 5.0.0
  resolution: "whatwg-url@npm:5.0.0"
  dependencies:
    tr46: ~0.0.3
    webidl-conversions: ^3.0.0
  checksum: b8daed4ad3356cc4899048a15b2c143a9aed0dfae1f611ebd55073310c7b910f522ad75d727346ad64203d7e6c79ef25eafd465f4d12775ca44b90fa82ed9e2c
  languageName: node
  linkType: hard

"whatwg-url@npm:^8.4.0":
  version: 8.7.0
  resolution: "whatwg-url@npm:8.7.0"
  dependencies:
    lodash: ^4.7.0
    tr46: ^2.1.0
    webidl-conversions: ^6.1.0
  checksum: a87abcc6cefcece5311eb642858c8fdb234e51ec74196bfacf8def2edae1bfbffdf6acb251646ed6301f8cee44262642d8769c707256125a91387e33f405dd1e
  languageName: node
  linkType: hard

"wrap-ansi@npm:^7.0.0":
  version: 7.0.0
  resolution: "wrap-ansi@npm:7.0.0"
  dependencies:
    ansi-styles: ^4.0.0
    string-width: ^4.1.0
    strip-ansi: ^6.0.0
  checksum: a790b846fd4505de962ba728a21aaeda189b8ee1c7568ca5e817d85930e06ef8d1689d49dbf0e881e8ef84436af3a88bc49115c2e2788d841ff1b8b5b51a608b
  languageName: node
  linkType: hard

"wrappy@npm:1":
  version: 1.0.2
  resolution: "wrappy@npm:1.0.2"
  checksum: 159da4805f7e84a3d003d8841557196034155008f817172d4e986bd591f74aa82aa7db55929a54222309e01079a65a92a9e6414da5a6aa4b01ee44a511ac3ee5
  languageName: node
  linkType: hard

"xterm@npm:^4.18.0":
  version: 4.18.0
  resolution: "xterm@npm:4.18.0"
  checksum: c1f391b0894928e048f8b6334943470b9e8fe91987222716a6c82840757475b87196383f6ce872250fe3dff3d984f45411fdf3841436c22d9301e50bf6043d2e
  languageName: node
  linkType: hard

"y18n@npm:^5.0.5":
  version: 5.0.8
  resolution: "y18n@npm:5.0.8"
  checksum: 54f0fb95621ee60898a38c572c515659e51cc9d9f787fb109cef6fde4befbe1c4602dc999d30110feee37456ad0f1660fa2edcfde6a9a740f86a290999550d30
  languageName: node
  linkType: hard

"yargs-parser@npm:^21.0.0":
  version: 21.0.1
  resolution: "yargs-parser@npm:21.0.1"
  checksum: c3ea2ed12cad0377ce3096b3f138df8267edf7b1aa7d710cd502fe16af417bafe4443dd71b28158c22fcd1be5dfd0e86319597e47badf42ff83815485887323a
  languageName: node
  linkType: hard

"yargs@npm:^17.4.1":
  version: 17.4.1
  resolution: "yargs@npm:17.4.1"
  dependencies:
    cliui: ^7.0.2
    escalade: ^3.1.1
    get-caller-file: ^2.0.5
    require-directory: ^2.1.1
    string-width: ^4.2.3
    y18n: ^5.0.5
    yargs-parser: ^21.0.0
  checksum: e9012322870d7e4e912a6ae1f63b203e365f911c0cf158be92c36edefddfb3bd38ce17eb9ef0d18858a4777f047c50589ea22dacb44bd949169ba37dc6d34bee
  languageName: node
  linkType: hard

"yn@npm:3.1.1":
  version: 3.1.1
  resolution: "yn@npm:3.1.1"
  checksum: 2c487b0e149e746ef48cda9f8bad10fc83693cd69d7f9dcd8be4214e985de33a29c9e24f3c0d6bcf2288427040a8947406ab27f7af67ee9456e6b84854f02dd6
  languageName: node
  linkType: hard
